{"version":4,"terraform_version":"1.8.1","serial":3,"lineage":"e9230371-30c5-3af0-ffcc-9145d8e30cd2","outputs":{"terraform_state_bucket":{"value":"sandbox-rokt-tfstates-h3ob52","type":"string"}},"resources":[{"mode":"managed","type":"aws_s3_bucket","name":"terraform_state","provider":"provider[\"registry.opentofu.org/hashicorp/aws\"]","instances":[{"schema_version":0,"attributes":{"acceleration_status":"","acl":null,"arn":"arn:aws:s3:::sandbox-rokt-tfstates-h3ob52","bucket":"sandbox-rokt-tfstates-h3ob52","bucket_domain_name":"sandbox-rokt-tfstates-h3ob52.s3.amazonaws.com","bucket_prefix":"","bucket_region":"us-east-1","bucket_regional_domain_name":"sandbox-rokt-tfstates-h3ob52.s3.us-east-1.amazonaws.com","cors_rule":[],"force_destroy":true,"grant":[{"id":"a76a78dc7ccbcd989a62d94bac39ae95763df4b4459e7a6faa4a1732145700a6","permissions":["FULL_CONTROL"],"type":"CanonicalUser","uri":""}],"hosted_zone_id":"Z3AQBSTGFYJSTF","id":"sandbox-rokt-tfstates-h3ob52","lifecycle_rule":[],"logging":[],"object_lock_configuration":[],"object_lock_enabled":false,"policy":"","region":"us-east-1","replication_configuration":[],"request_payer":"BucketOwner","server_side_encryption_configuration":[{"rule":[{"apply_server_side_encryption_by_default":[{"kms_master_key_id":"","sse_algorithm":"AES256"}],"bucket_key_enabled":false}]}],"tags":null,"tags_all":{},"timeouts":null,"versioning":[{"enabled":false,"mfa_delete":false}],"website":[],"website_domain":null,"website_endpoint":null},"sensitive_attributes":[],"private":"eyJlMmJmYjczMC1lY2FhLTExZTYtOGY4OC0zNDM2M2JjN2M0YzAiOnsiY3JlYXRlIjoxMjAwMDAwMDAwMDAwLCJkZWxldGUiOjM2MDAwMDAwMDAwMDAsInJlYWQiOjEyMDAwMDAwMDAwMDAsInVwZGF0ZSI6MTIwMDAwMDAwMDAwMH19","dependencies":["random_string.suffix"]}]},{"mode":"managed","type":"aws_s3_bucket_public_access_block","name":"terraform_state","provider":"provider[\"registry.opentofu.org/hashicorp/aws\"]","instances":[{"schema_version":0,"attributes":{"block_public_acls":true,"block_public_policy":true,"bucket":"sandbox-rokt-tfstates-h3ob52","id":"sandbox-rokt-tfstates-h3ob52","ignore_public_acls":true,"region":"us-east-1","restrict_public_buckets":true,"skip_destroy":null},"sensitive_attributes":[],"private":"bnVsbA==","dependencies":["aws_s3_bucket.terraform_state","random_string.suffix"]}]},{"mode":"managed","type":"aws_s3_bucket_server_side_encryption_configuration","name":"terraform_state","provider":"provider[\"registry.opentofu.org/hashicorp/aws\"]","instances":[{"schema_version":0,"attributes":{"bucket":"sandbox-rokt-tfstates-h3ob52","expected_bucket_owner":"","id":"sandbox-rokt-tfstates-h3ob52","region":"us-east-1","rule":[{"apply_server_side_encryption_by_default":[{"kms_master_key_id":"","sse_algorithm":"AES256"}],"bucket_key_enabled":null}]},"sensitive_attributes":[],"private":"bnVsbA==","dependencies":["aws_s3_bucket.terraform_state","random_string.suffix"]}]},{"mode":"managed","type":"aws_s3_bucket_versioning","name":"terraform_state","provider":"provider[\"registry.opentofu.org/hashicorp/aws\"]","instances":[{"schema_version":0,"attributes":{"bucket":"sandbox-rokt-tfstates-h3ob52","expected_bucket_owner":"","id":"sandbox-rokt-tfstates-h3ob52","mfa":null,"region":"us-east-1","versioning_configuration":[{"mfa_delete":"","status":"Enabled"}]},"sensitive_attributes":[],"private":"bnVsbA==","dependencies":["aws_s3_bucket.terraform_state","random_string.suffix"]}]},{"mode":"managed","type":"random_string","name":"suffix","provider":"provider[\"registry.opentofu.org/hashicorp/random\"]","instances":[{"schema_version":2,"attributes":{"id":"h3ob52","keepers":null,"length":6,"lower":true,"min_lower":0,"min_numeric":0,"min_special":0,"min_upper":0,"number":true,"numeric":true,"override_special":null,"result":"h3ob52","special":false,"upper":false},"sensitive_attributes":[]}]}],"check_results":null}
